
Microsoft Visual Studio Solution File, Format Version 12.00
# Visual Studio Version 17
VisualStudioVersion = 17.14.36121.58 d17.14
MinimumVisualStudioVersion = 10.0.40219.1
Project("{FAE04EC0-301F-11D3-BF4B-00C04F79EFBC}") = "GameLauncher", "GameLauncher\GameLauncher.csproj", "{E3640FB1-5675-430E-8B88-72C133747DF5}"
EndProject
Global
	GlobalSection(SolutionConfigurationPlatforms) = preSolution
		Debug|Any CPU = Debug|Any CPU
		Release|Any CPU = Release|Any CPU
	EndGlobalSection
	GlobalSection(ProjectConfigurationPlatforms) = postSolution
		{E3640FB1-5675-430E-8B88-72C133747DF5}.Debug|Any CPU.ActiveCfg = Debug|Any CPU
		{E3640FB1-5675-430E-8B88-72C133747DF5}.Debug|Any CPU.Build.0 = Debug|Any CPU
		{E3640FB1-5675-430E-8B88-72C133747DF5}.Release|Any CPU.ActiveCfg = Release|Any CPU
		{E3640FB1-5675-430E-8B88-72C133747DF5}.Release|Any CPU.Build.0 = Release|Any CPU
	EndGlobalSection
	GlobalSection(SolutionProperties) = preSolution
		HideSolutionNode = FALSE
	EndGlobalSection
	GlobalSection(ExtensibilityGlobals) = postSolution
		SolutionGuid = {BDAD89AD-9B40-4327-8F92-6CAC9C35D9A1}
	EndGlobalSection
EndGlobal
